
Microsoft Visual Studio Solution File, Format Version 12.00
# Visual Studio Version 16
VisualStudioVersion = 16.0.30011.22
MinimumVisualStudioVersion = 10.0.40219.1
Project("{9A19103F-16F7-4668-BE54-9A1E7A4F7556}") = "HRM_Automated", "HRM_Automated\HRM_Automated.csproj", "{6C43DD80-92E8-4E19-84D5-366B74C6B6D9}"
EndProject
Project("{9A19103F-16F7-4668-BE54-9A1E7A4F7556}") = "HRM_Automated.WebAPi", "HRM_Automated.WebAPi\HRM_Automated.WebAPi.csproj", "{D0A1B15A-F072-4C0C-9C45-FBEB920A7427}"
EndProject
Project("{9A19103F-16F7-4668-BE54-9A1E7A4F7556}") = "System.Standard.DAL", "System.DAL\System.Standard.DAL.csproj", "{54DD3802-02F5-47C6-A867-79DB9815E561}"
EndProject
Project("{9A19103F-16F7-4668-BE54-9A1E7A4F7556}") = "System.Standard.Models", "System.Standard.Models\System.Standard.Models.csproj", "{87942A82-DCF8-4FF2-AB73-0442E89B80EE}"
EndProject
Project("{9A19103F-16F7-4668-BE54-9A1E7A4F7556}") = "System.Standard.Utility", "System.Standard.Utility\System.Standard.Utility.csproj", "{5A72CE6B-3C7C-4E5D-824B-C9E710F11717}"
EndProject
Project("{9A19103F-16F7-4668-BE54-9A1E7A4F7556}") = "HRM_Automated.Core", "HRM_Automated.Core\HRM_Automated.Core.csproj", "{C642B264-A58F-470B-87A1-D4A2838CCC81}"
EndProject
Project("{9A19103F-16F7-4668-BE54-9A1E7A4F7556}") = "HRM_Automated.DTO", "HRM_Automated.DTO\HRM_Automated.DTO.csproj", "{7DCFF18B-C685-4E52-A79D-A46485B1814C}"
EndProject
Project("{9A19103F-16F7-4668-BE54-9A1E7A4F7556}") = "XUnitTest_HRM_Automated.API", "XUnitTest_HRM_Automated.API\XUnitTest_HRM_Automated.API.csproj", "{FC78A84D-3DF8-43B2-AB16-184F94293051}"
EndProject
Global
	GlobalSection(SolutionConfigurationPlatforms) = preSolution
		Debug|Any CPU = Debug|Any CPU
		Release|Any CPU = Release|Any CPU
	EndGlobalSection
	GlobalSection(ProjectConfigurationPlatforms) = postSolution
		{6C43DD80-92E8-4E19-84D5-366B74C6B6D9}.Debug|Any CPU.ActiveCfg = Debug|Any CPU
		{6C43DD80-92E8-4E19-84D5-366B74C6B6D9}.Debug|Any CPU.Build.0 = Debug|Any CPU
		{6C43DD80-92E8-4E19-84D5-366B74C6B6D9}.Release|Any CPU.ActiveCfg = Release|Any CPU
		{6C43DD80-92E8-4E19-84D5-366B74C6B6D9}.Release|Any CPU.Build.0 = Release|Any CPU
		{D0A1B15A-F072-4C0C-9C45-FBEB920A7427}.Debug|Any CPU.ActiveCfg = Debug|Any CPU
		{D0A1B15A-F072-4C0C-9C45-FBEB920A7427}.Debug|Any CPU.Build.0 = Debug|Any CPU
		{D0A1B15A-F072-4C0C-9C45-FBEB920A7427}.Release|Any CPU.ActiveCfg = Release|Any CPU
		{D0A1B15A-F072-4C0C-9C45-FBEB920A7427}.Release|Any CPU.Build.0 = Release|Any CPU
		{54DD3802-02F5-47C6-A867-79DB9815E561}.Debug|Any CPU.ActiveCfg = Debug|Any CPU
		{54DD3802-02F5-47C6-A867-79DB9815E561}.Debug|Any CPU.Build.0 = Debug|Any CPU
		{54DD3802-02F5-47C6-A867-79DB9815E561}.Release|Any CPU.ActiveCfg = Release|Any CPU
		{54DD3802-02F5-47C6-A867-79DB9815E561}.Release|Any CPU.Build.0 = Release|Any CPU
		{87942A82-DCF8-4FF2-AB73-0442E89B80EE}.Debug|Any CPU.ActiveCfg = Debug|Any CPU
		{87942A82-DCF8-4FF2-AB73-0442E89B80EE}.Debug|Any CPU.Build.0 = Debug|Any CPU
		{87942A82-DCF8-4FF2-AB73-0442E89B80EE}.Release|Any CPU.ActiveCfg = Release|Any CPU
		{87942A82-DCF8-4FF2-AB73-0442E89B80EE}.Release|Any CPU.Build.0 = Release|Any CPU
		{5A72CE6B-3C7C-4E5D-824B-C9E710F11717}.Debug|Any CPU.ActiveCfg = Debug|Any CPU
		{5A72CE6B-3C7C-4E5D-824B-C9E710F11717}.Debug|Any CPU.Build.0 = Debug|Any CPU
		{5A72CE6B-3C7C-4E5D-824B-C9E710F11717}.Release|Any CPU.ActiveCfg = Release|Any CPU
		{5A72CE6B-3C7C-4E5D-824B-C9E710F11717}.Release|Any CPU.Build.0 = Release|Any CPU
		{C642B264-A58F-470B-87A1-D4A2838CCC81}.Debug|Any CPU.ActiveCfg = Debug|Any CPU
		{C642B264-A58F-470B-87A1-D4A2838CCC81}.Debug|Any CPU.Build.0 = Debug|Any CPU
		{C642B264-A58F-470B-87A1-D4A2838CCC81}.Release|Any CPU.ActiveCfg = Release|Any CPU
		{C642B264-A58F-470B-87A1-D4A2838CCC81}.Release|Any CPU.Build.0 = Release|Any CPU
		{7DCFF18B-C685-4E52-A79D-A46485B1814C}.Debug|Any CPU.ActiveCfg = Debug|Any CPU
		{7DCFF18B-C685-4E52-A79D-A46485B1814C}.Debug|Any CPU.Build.0 = Debug|Any CPU
		{7DCFF18B-C685-4E52-A79D-A46485B1814C}.Release|Any CPU.ActiveCfg = Release|Any CPU
		{7DCFF18B-C685-4E52-A79D-A46485B1814C}.Release|Any CPU.Build.0 = Release|Any CPU
		{FC78A84D-3DF8-43B2-AB16-184F94293051}.Debug|Any CPU.ActiveCfg = Debug|Any CPU
		{FC78A84D-3DF8-43B2-AB16-184F94293051}.Debug|Any CPU.Build.0 = Debug|Any CPU
		{FC78A84D-3DF8-43B2-AB16-184F94293051}.Release|Any CPU.ActiveCfg = Release|Any CPU
		{FC78A84D-3DF8-43B2-AB16-184F94293051}.Release|Any CPU.Build.0 = Release|Any CPU
	EndGlobalSection
	GlobalSection(SolutionProperties) = preSolution
		HideSolutionNode = FALSE
	EndGlobalSection
	GlobalSection(ExtensibilityGlobals) = postSolution
		SolutionGuid = {F2B88D66-A88C-4DFF-86DB-270F54FA8859}
	EndGlobalSection
EndGlobal
